// !$*UTF8*$!
{
	archiveVersion = 1;
	classes = {
	};
	objectVersion = 46;
	objects = {

/* Begin PBXBuildFile section */
		7831777018B65440006C1E85 /* 02.jpg in Resources */ = {isa = PBXBuildFile; fileRef = 7831776F18B65440006C1E85 /* 02.jpg */; };
		7831777418B65559006C1E85 /* 3.png in Resources */ = {isa = PBXBuildFile; fileRef = 7831777118B65559006C1E85 /* 3.png */; };
		7831777518B65559006C1E85 /* 4.png in Resources */ = {isa = PBXBuildFile; fileRef = 7831777218B65559006C1E85 /* 4.png */; };
		7831777618B65559006C1E85 /* drslump.jpg in Resources */ = {isa = PBXBuildFile; fileRef = 7831777318B65559006C1E85 /* drslump.jpg */; };
		7831777A18B65A2B006C1E85 /* RRAddCityControlerViewController.m in Sources */ = {isa = PBXBuildFile; fileRef = 7831777818B65A2B006C1E85 /* RRAddCityControlerViewController.m */; };
		7831777B18B65A2B006C1E85 /* RRAddCityControlerViewController.xib in Resources */ = {isa = PBXBuildFile; fileRef = 7831777918B65A2B006C1E85 /* RRAddCityControlerViewController.xib */; };
		788CA3F018B504BD006A1237 /* Foundation.framework in Frameworks */ = {isa = PBXBuildFile; fileRef = 788CA3EF18B504BD006A1237 /* Foundation.framework */; };
		788CA3F218B504BD006A1237 /* CoreGraphics.framework in Frameworks */ = {isa = PBXBuildFile; fileRef = 788CA3F118B504BD006A1237 /* CoreGraphics.framework */; };
		788CA3F418B504BD006A1237 /* UIKit.framework in Frameworks */ = {isa = PBXBuildFile; fileRef = 788CA3F318B504BD006A1237 /* UIKit.framework */; };
		788CA3FA18B504BD006A1237 /* InfoPlist.strings in Resources */ = {isa = PBXBuildFile; fileRef = 788CA3F818B504BD006A1237 /* InfoPlist.strings */; };
		788CA3FC18B504BD006A1237 /* main.m in Sources */ = {isa = PBXBuildFile; fileRef = 788CA3FB18B504BD006A1237 /* main.m */; };
		788CA40018B504BD006A1237 /* RRAppDelegate.m in Sources */ = {isa = PBXBuildFile; fileRef = 788CA3FF18B504BD006A1237 /* RRAppDelegate.m */; };
		788CA40218B504BD006A1237 /* Images.xcassets in Resources */ = {isa = PBXBuildFile; fileRef = 788CA40118B504BD006A1237 /* Images.xcassets */; };
		788CA40918B504BD006A1237 /* XCTest.framework in Frameworks */ = {isa = PBXBuildFile; fileRef = 788CA40818B504BD006A1237 /* XCTest.framework */; };
		788CA40A18B504BD006A1237 /* Foundation.framework in Frameworks */ = {isa = PBXBuildFile; fileRef = 788CA3EF18B504BD006A1237 /* Foundation.framework */; };
		788CA40B18B504BD006A1237 /* UIKit.framework in Frameworks */ = {isa = PBXBuildFile; fileRef = 788CA3F318B504BD006A1237 /* UIKit.framework */; };
		788CA41318B504BD006A1237 /* InfoPlist.strings in Resources */ = {isa = PBXBuildFile; fileRef = 788CA41118B504BD006A1237 /* InfoPlist.strings */; };
		788CA41518B504BD006A1237 /* RRCurseApp8Tests.m in Sources */ = {isa = PBXBuildFile; fileRef = 788CA41418B504BD006A1237 /* RRCurseApp8Tests.m */; };
		788CA42118B504F9006A1237 /* RRViewController.m in Sources */ = {isa = PBXBuildFile; fileRef = 788CA41F18B504F9006A1237 /* RRViewController.m */; };
		788CA42218B504F9006A1237 /* RRViewController.xib in Resources */ = {isa = PBXBuildFile; fileRef = 788CA42018B504F9006A1237 /* RRViewController.xib */; };
		788CA42618B51449006A1237 /* RRCityViewController.m in Sources */ = {isa = PBXBuildFile; fileRef = 788CA42418B51449006A1237 /* RRCityViewController.m */; };
		788CA42718B51449006A1237 /* RRCityViewController.xib in Resources */ = {isa = PBXBuildFile; fileRef = 788CA42518B51449006A1237 /* RRCityViewController.xib */; };
		788CA42A18B5168B006A1237 /* RRCity.m in Sources */ = {isa = PBXBuildFile; fileRef = 788CA42918B5168B006A1237 /* RRCity.m */; };
		788CA42D18B519AA006A1237 /* img1.png in Resources */ = {isa = PBXBuildFile; fileRef = 788CA42C18B519AA006A1237 /* img1.png */; };
		A372778018BCF52C00616569 /* defaultimage.jpg in Resources */ = {isa = PBXBuildFile; fileRef = A372777F18BCF52C00616569 /* defaultimage.jpg */; };
		A372779B18BD1F4100616569 /* tabico1noselect@2x.png in Resources */ = {isa = PBXBuildFile; fileRef = A372779918BD1F4100616569 /* tabico1noselect@2x.png */; };
		A372779C18BD1F4100616569 /* tabico1select@2x.png in Resources */ = {isa = PBXBuildFile; fileRef = A372779A18BD1F4100616569 /* tabico1select@2x.png */; };
/* End PBXBuildFile section */

/* Begin PBXContainerItemProxy section */
		788CA40C18B504BD006A1237 /* PBXContainerItemProxy */ = {
			isa = PBXContainerItemProxy;
			containerPortal = 788CA3E418B504BD006A1237 /* Project object */;
			proxyType = 1;
			remoteGlobalIDString = 788CA3EB18B504BD006A1237;
			remoteInfo = RRCurseApp8;
		};
/* End PBXContainerItemProxy section */

/* Begin PBXFileReference section */
		7831776F18B65440006C1E85 /* 02.jpg */ = {isa = PBXFileReference; lastKnownFileType = image.jpeg; path = 02.jpg; sourceTree = "<group>"; };
		7831777118B65559006C1E85 /* 3.png */ = {isa = PBXFileReference; lastKnownFileType = image.png; path = 3.png; sourceTree = "<group>"; };
		7831777218B65559006C1E85 /* 4.png */ = {isa = PBXFileReference; lastKnownFileType = image.png; path = 4.png; sourceTree = "<group>"; };
		7831777318B65559006C1E85 /* drslump.jpg */ = {isa = PBXFileReference; lastKnownFileType = image.jpeg; path = drslump.jpg; sourceTree = "<group>"; };
		7831777718B65A2B006C1E85 /* RRAddCityControlerViewController.h */ = {isa = PBXFileReference; fileEncoding = 4; lastKnownFileType = sourcecode.c.h; path = RRAddCityControlerViewController.h; sourceTree = "<group>"; };
		7831777818B65A2B006C1E85 /* RRAddCityControlerViewController.m */ = {isa = PBXFileReference; fileEncoding = 4; lastKnownFileType = sourcecode.c.objc; path = RRAddCityControlerViewController.m; sourceTree = "<group>"; };
		7831777918B65A2B006C1E85 /* RRAddCityControlerViewController.xib */ = {isa = PBXFileReference; fileEncoding = 4; lastKnownFileType = file.xib; path = RRAddCityControlerViewController.xib; sourceTree = "<group>"; };
		788CA3EC18B504BD006A1237 /* RRCurseApp8WithTabBar.app */ = {isa = PBXFileReference; explicitFileType = wrapper.application; includeInIndex = 0; path = RRCurseApp8WithTabBar.app; sourceTree = BUILT_PRODUCTS_DIR; };
		788CA3EF18B504BD006A1237 /* Foundation.framework */ = {isa = PBXFileReference; lastKnownFileType = wrapper.framework; name = Foundation.framework; path = System/Library/Frameworks/Foundation.framework; sourceTree = SDKROOT; };
		788CA3F118B504BD006A1237 /* CoreGraphics.framework */ = {isa = PBXFileReference; lastKnownFileType = wrapper.framework; name = CoreGraphics.framework; path = System/Library/Frameworks/CoreGraphics.framework; sourceTree = SDKROOT; };
		788CA3F318B504BD006A1237 /* UIKit.framework */ = {isa = PBXFileReference; lastKnownFileType = wrapper.framework; name = UIKit.framework; path = System/Library/Frameworks/UIKit.framework; sourceTree = SDKROOT; };
		788CA3F718B504BD006A1237 /* RRCurseApp8WithTabBar-Info.plist */ = {isa = PBXFileReference; lastKnownFileType = text.plist.xml; path = "RRCurseApp8WithTabBar-Info.plist"; sourceTree = "<group>"; };
		788CA3F918B504BD006A1237 /* en */ = {isa = PBXFileReference; lastKnownFileType = text.plist.strings; name = en; path = en.lproj/InfoPlist.strings; sourceTree = "<group>"; };
		788CA3FB18B504BD006A1237 /* main.m */ = {isa = PBXFileReference; lastKnownFileType = sourcecode.c.objc; path = main.m; sourceTree = "<group>"; };
		788CA3FD18B504BD006A1237 /* RRCurseApp8WithTabBar-Prefix.pch */ = {isa = PBXFileReference; lastKnownFileType = sourcecode.c.h; path = "RRCurseApp8WithTabBar-Prefix.pch"; sourceTree = "<group>"; };
		788CA3FE18B504BD006A1237 /* RRAppDelegate.h */ = {isa = PBXFileReference; lastKnownFileType = sourcecode.c.h; path = RRAppDelegate.h; sourceTree = "<group>"; };
		788CA3FF18B504BD006A1237 /* RRAppDelegate.m */ = {isa = PBXFileReference; lastKnownFileType = sourcecode.c.objc; path = RRAppDelegate.m; sourceTree = "<group>"; };
		788CA40118B504BD006A1237 /* Images.xcassets */ = {isa = PBXFileReference; lastKnownFileType = folder.assetcatalog; path = Images.xcassets; sourceTree = "<group>"; };
		788CA40718B504BD006A1237 /* RRCurseApp8WithTabBarTests.xctest */ = {isa = PBXFileReference; explicitFileType = wrapper.cfbundle; includeInIndex = 0; path = RRCurseApp8WithTabBarTests.xctest; sourceTree = BUILT_PRODUCTS_DIR; };
		788CA40818B504BD006A1237 /* XCTest.framework */ = {isa = PBXFileReference; lastKnownFileType = wrapper.framework; name = XCTest.framework; path = Library/Frameworks/XCTest.framework; sourceTree = DEVELOPER_DIR; };
		788CA41018B504BD006A1237 /* RRCurseApp8WithTabBarTests-Info.plist */ = {isa = PBXFileReference; lastKnownFileType = text.plist.xml; path = "RRCurseApp8WithTabBarTests-Info.plist"; sourceTree = "<group>"; };
		788CA41218B504BD006A1237 /* en */ = {isa = PBXFileReference; lastKnownFileType = text.plist.strings; name = en; path = en.lproj/InfoPlist.strings; sourceTree = "<group>"; };
		788CA41418B504BD006A1237 /* RRCurseApp8Tests.m */ = {isa = PBXFileReference; lastKnownFileType = sourcecode.c.objc; path = RRCurseApp8Tests.m; sourceTree = "<group>"; };
		788CA41E18B504F9006A1237 /* RRViewController.h */ = {isa = PBXFileReference; fileEncoding = 4; lastKnownFileType = sourcecode.c.h; path = RRViewController.h; sourceTree = "<group>"; };
		788CA41F18B504F9006A1237 /* RRViewController.m */ = {isa = PBXFileReference; fileEncoding = 4; lastKnownFileType = sourcecode.c.objc; path = RRViewController.m; sourceTree = "<group>"; };
		788CA42018B504F9006A1237 /* RRViewController.xib */ = {isa = PBXFileReference; fileEncoding = 4; lastKnownFileType = file.xib; path = RRViewController.xib; sourceTree = "<group>"; };
		788CA42318B51449006A1237 /* RRCityViewController.h */ = {isa = PBXFileReference; fileEncoding = 4; lastKnownFileType = sourcecode.c.h; path = RRCityViewController.h; sourceTree = "<group>"; };
		788CA42418B51449006A1237 /* RRCityViewController.m */ = {isa = PBXFileReference; fileEncoding = 4; lastKnownFileType = sourcecode.c.objc; path = RRCityViewController.m; sourceTree = "<group>"; };
		788CA42518B51449006A1237 /* RRCityViewController.xib */ = {isa = PBXFileReference; fileEncoding = 4; lastKnownFileType = file.xib; path = RRCityViewController.xib; sourceTree = "<group>"; };
		788CA42818B5168B006A1237 /* RRCity.h */ = {isa = PBXFileReference; fileEncoding = 4; lastKnownFileType = sourcecode.c.h; name = RRCity.h; path = MODEL/RRCity.h; sourceTree = "<group>"; };
		788CA42918B5168B006A1237 /* RRCity.m */ = {isa = PBXFileReference; fileEncoding = 4; lastKnownFileType = sourcecode.c.objc; name = RRCity.m; path = MODEL/RRCity.m; sourceTree = "<group>"; };
		788CA42C18B519AA006A1237 /* img1.png */ = {isa = PBXFileReference; lastKnownFileType = image.png; path = img1.png; sourceTree = "<group>"; };
		A372777F18BCF52C00616569 /* defaultimage.jpg */ = {isa = PBXFileReference; lastKnownFileType = image.jpeg; path = defaultimage.jpg; sourceTree = "<group>"; };
		A372779918BD1F4100616569 /* tabico1noselect@2x.png */ = {isa = PBXFileReference; lastKnownFileType = image.png; path = "tabico1noselect@2x.png"; sourceTree = "<group>"; };
		A372779A18BD1F4100616569 /* tabico1select@2x.png */ = {isa = PBXFileReference; lastKnownFileType = image.png; path = "tabico1select@2x.png"; sourceTree = "<group>"; };
/* End PBXFileReference section */

/* Begin PBXFrameworksBuildPhase section */
		788CA3E918B504BD006A1237 /* Frameworks */ = {
			isa = PBXFrameworksBuildPhase;
			buildActionMask = 2147483647;
			files = (
				788CA3F218B504BD006A1237 /* CoreGraphics.framework in Frameworks */,
				788CA3F418B504BD006A1237 /* UIKit.framework in Frameworks */,
				788CA3F018B504BD006A1237 /* Foundation.framework in Frameworks */,
			);
			runOnlyForDeploymentPostprocessing = 0;
		};
		788CA40418B504BD006A1237 /* Frameworks */ = {
			isa = PBXFrameworksBuildPhase;
			buildActionMask = 2147483647;
			files = (
				788CA40918B504BD006A1237 /* XCTest.framework in Frameworks */,
				788CA40B18B504BD006A1237 /* UIKit.framework in Frameworks */,
				788CA40A18B504BD006A1237 /* Foundation.framework in Frameworks */,
			);
			runOnlyForDeploymentPostprocessing = 0;
		};
/* End PBXFrameworksBuildPhase section */

/* Begin PBXGroup section */
		788CA3E318B504BD006A1237 = {
			isa = PBXGroup;
			children = (
				7831777718B65A2B006C1E85 /* RRAddCityControlerViewController.h */,
				7831777818B65A2B006C1E85 /* RRAddCityControlerViewController.m */,
				7831777918B65A2B006C1E85 /* RRAddCityControlerViewController.xib */,
				788CA42E18B519B0006A1237 /* img */,
				788CA42B18B5169A006A1237 /* MODEL */,
				788CA42318B51449006A1237 /* RRCityViewController.h */,
				788CA42418B51449006A1237 /* RRCityViewController.m */,
				788CA42518B51449006A1237 /* RRCityViewController.xib */,
				788CA3F518B504BD006A1237 /* RRCurseApp8 */,
				788CA40E18B504BD006A1237 /* RRCurseApp8Tests */,
				788CA3EE18B504BD006A1237 /* Frameworks */,
				788CA3ED18B504BD006A1237 /* Products */,
			);
			sourceTree = "<group>";
		};
		788CA3ED18B504BD006A1237 /* Products */ = {
			isa = PBXGroup;
			children = (
				788CA3EC18B504BD006A1237 /* RRCurseApp8WithTabBar.app */,
				788CA40718B504BD006A1237 /* RRCurseApp8WithTabBarTests.xctest */,
			);
			name = Products;
			sourceTree = "<group>";
		};
		788CA3EE18B504BD006A1237 /* Frameworks */ = {
			isa = PBXGroup;
			children = (
				788CA3EF18B504BD006A1237 /* Foundation.framework */,
				788CA3F118B504BD006A1237 /* CoreGraphics.framework */,
				788CA3F318B504BD006A1237 /* UIKit.framework */,
				788CA40818B504BD006A1237 /* XCTest.framework */,
			);
			name = Frameworks;
			sourceTree = "<group>";
		};
		788CA3F518B504BD006A1237 /* RRCurseApp8 */ = {
			isa = PBXGroup;
			children = (
				788CA3FE18B504BD006A1237 /* RRAppDelegate.h */,
				788CA3FF18B504BD006A1237 /* RRAppDelegate.m */,
				788CA40118B504BD006A1237 /* Images.xcassets */,
				788CA3F618B504BD006A1237 /* Supporting Files */,
				788CA41E18B504F9006A1237 /* RRViewController.h */,
				788CA41F18B504F9006A1237 /* RRViewController.m */,
				788CA42018B504F9006A1237 /* RRViewController.xib */,
			);
			path = RRCurseApp8;
			sourceTree = "<group>";
		};
		788CA3F618B504BD006A1237 /* Supporting Files */ = {
			isa = PBXGroup;
			children = (
				788CA3F718B504BD006A1237 /* RRCurseApp8WithTabBar-Info.plist */,
				788CA3F818B504BD006A1237 /* InfoPlist.strings */,
				788CA3FB18B504BD006A1237 /* main.m */,
				788CA3FD18B504BD006A1237 /* RRCurseApp8WithTabBar-Prefix.pch */,
			);
			name = "Supporting Files";
			sourceTree = "<group>";
		};
		788CA40E18B504BD006A1237 /* RRCurseApp8Tests */ = {
			isa = PBXGroup;
			children = (
				788CA41418B504BD006A1237 /* RRCurseApp8Tests.m */,
				788CA40F18B504BD006A1237 /* Supporting Files */,
			);
			path = RRCurseApp8Tests;
			sourceTree = "<group>";
		};
		788CA40F18B504BD006A1237 /* Supporting Files */ = {
			isa = PBXGroup;
			children = (
				788CA41018B504BD006A1237 /* RRCurseApp8WithTabBarTests-Info.plist */,
				788CA41118B504BD006A1237 /* InfoPlist.strings */,
			);
			name = "Supporting Files";
			sourceTree = "<group>";
		};
		788CA42B18B5169A006A1237 /* MODEL */ = {
			isa = PBXGroup;
			children = (
				788CA42818B5168B006A1237 /* RRCity.h */,
				788CA42918B5168B006A1237 /* RRCity.m */,
			);
			name = MODEL;
			sourceTree = "<group>";
		};
		788CA42E18B519B0006A1237 /* img */ = {
			isa = PBXGroup;
			children = (
				A372779918BD1F4100616569 /* tabico1noselect@2x.png */,
				A372779A18BD1F4100616569 /* tabico1select@2x.png */,
				A372777F18BCF52C00616569 /* defaultimage.jpg */,
				7831777118B65559006C1E85 /* 3.png */,
				7831777218B65559006C1E85 /* 4.png */,
				7831777318B65559006C1E85 /* drslump.jpg */,
				7831776F18B65440006C1E85 /* 02.jpg */,
				788CA42C18B519AA006A1237 /* img1.png */,
			);
			name = img;
			sourceTree = "<group>";
		};
/* End PBXGroup section */

/* Begin PBXNativeTarget section */
		788CA3EB18B504BD006A1237 /* RRCurseApp8WithTabBar */ = {
			isa = PBXNativeTarget;
			buildConfigurationList = 788CA41818B504BD006A1237 /* Build configuration list for PBXNativeTarget "RRCurseApp8WithTabBar" */;
			buildPhases = (
				788CA3E818B504BD006A1237 /* Sources */,
				788CA3E918B504BD006A1237 /* Frameworks */,
				788CA3EA18B504BD006A1237 /* Resources */,
			);
			buildRules = (
			);
			dependencies = (
			);
			name = RRCurseApp8WithTabBar;
			productName = RRCurseApp8;
			productReference = 788CA3EC18B504BD006A1237 /* RRCurseApp8WithTabBar.app */;
			productType = "com.apple.product-type.application";
		};
		788CA40618B504BD006A1237 /* RRCurseApp8WithTabBarTests */ = {
			isa = PBXNativeTarget;
			buildConfigurationList = 788CA41B18B504BD006A1237 /* Build configuration list for PBXNativeTarget "RRCurseApp8WithTabBarTests" */;
			buildPhases = (
				788CA40318B504BD006A1237 /* Sources */,
				788CA40418B504BD006A1237 /* Frameworks */,
				788CA40518B504BD006A1237 /* Resources */,
			);
			buildRules = (
			);
			dependencies = (
				788CA40D18B504BD006A1237 /* PBXTargetDependency */,
			);
			name = RRCurseApp8WithTabBarTests;
			productName = RRCurseApp8Tests;
			productReference = 788CA40718B504BD006A1237 /* RRCurseApp8WithTabBarTests.xctest */;
			productType = "com.apple.product-type.bundle.unit-test";
		};
/* End PBXNativeTarget section */

/* Begin PBXProject section */
		788CA3E418B504BD006A1237 /* Project object */ = {
			isa = PBXProject;
			attributes = {
				CLASSPREFIX = RR;
				LastUpgradeCheck = 0500;
				ORGANIZATIONNAME = EveronGames;
				TargetAttributes = {
					788CA40618B504BD006A1237 = {
						TestTargetID = 788CA3EB18B504BD006A1237;
					};
				};
			};
			buildConfigurationList = 788CA3E718B504BD006A1237 /* Build configuration list for PBXProject "RRCurseApp8WithTabBar" */;
			compatibilityVersion = "Xcode 3.2";
			developmentRegion = English;
			hasScannedForEncodings = 0;
			knownRegions = (
				en,
			);
			mainGroup = 788CA3E318B504BD006A1237;
			productRefGroup = 788CA3ED18B504BD006A1237 /* Products */;
			projectDirPath = "";
			projectRoot = "";
			targets = (
				788CA3EB18B504BD006A1237 /* RRCurseApp8WithTabBar */,
				788CA40618B504BD006A1237 /* RRCurseApp8WithTabBarTests */,
			);
		};
/* End PBXProject section */

/* Begin PBXResourcesBuildPhase section */
		788CA3EA18B504BD006A1237 /* Resources */ = {
			isa = PBXResourcesBuildPhase;
			buildActionMask = 2147483647;
			files = (
				7831777B18B65A2B006C1E85 /* RRAddCityControlerViewController.xib in Resources */,
				788CA3FA18B504BD006A1237 /* InfoPlist.strings in Resources */,
				7831777018B65440006C1E85 /* 02.jpg in Resources */,
				788CA42D18B519AA006A1237 /* img1.png in Resources */,
				788CA42718B51449006A1237 /* RRCityViewController.xib in Resources */,
				7831777618B65559006C1E85 /* drslump.jpg in Resources */,
				A372778018BCF52C00616569 /* defaultimage.jpg in Resources */,
				A372779C18BD1F4100616569 /* tabico1select@2x.png in Resources */,
				7831777518B65559006C1E85 /* 4.png in Resources */,
				788CA40218B504BD006A1237 /* Images.xcassets in Resources */,
				7831777418B65559006C1E85 /* 3.png in Resources */,
				788CA42218B504F9006A1237 /* RRViewController.xib in Resources */,
				A372779B18BD1F4100616569 /* tabico1noselect@2x.png in Resources */,
			);
			runOnlyForDeploymentPostprocessing = 0;
		};
		788CA40518B504BD006A1237 /* Resources */ = {
			isa = PBXResourcesBuildPhase;
			buildActionMask = 2147483647;
			files = (
				788CA41318B504BD006A1237 /* InfoPlist.strings in Resources */,
			);
			runOnlyForDeploymentPostprocessing = 0;
		};
/* End PBXResourcesBuildPhase section */

/* Begin PBXSourcesBuildPhase section */
		788CA3E818B504BD006A1237 /* Sources */ = {
			isa = PBXSourcesBuildPhase;
			buildActionMask = 2147483647;
			files = (
				7831777A18B65A2B006C1E85 /* RRAddCityControlerViewController.m in Sources */,
				788CA42A18B5168B006A1237 /* RRCity.m in Sources */,
				788CA40018B504BD006A1237 /* RRAppDelegate.m in Sources */,
				788CA42618B51449006A1237 /* RRCityViewController.m in Sources */,
				788CA3FC18B504BD006A1237 /* main.m in Sources */,
				788CA42118B504F9006A1237 /* RRViewController.m in Sources */,
			);
			runOnlyForDeploymentPostprocessing = 0;
		};
		788CA40318B504BD006A1237 /* Sources */ = {
			isa = PBXSourcesBuildPhase;
			buildActionMask = 2147483647;
			files = (
				788CA41518B504BD006A1237 /* RRCurseApp8Tests.m in Sources */,
			);
			runOnlyForDeploymentPostprocessing = 0;
		};
/* End PBXSourcesBuildPhase section */

/* Begin PBXTargetDependency section */
		788CA40D18B504BD006A1237 /* PBXTargetDependency */ = {
			isa = PBXTargetDependency;
			target = 788CA3EB18B504BD006A1237 /* RRCurseApp8WithTabBar */;
			targetProxy = 788CA40C18B504BD006A1237 /* PBXContainerItemProxy */;
		};
/* End PBXTargetDependency section */

/* Begin PBXVariantGroup section */
		788CA3F818B504BD006A1237 /* InfoPlist.strings */ = {
			isa = PBXVariantGroup;
			children = (
				788CA3F918B504BD006A1237 /* en */,
			);
			name = InfoPlist.strings;
			sourceTree = "<group>";
		};
		788CA41118B504BD006A1237 /* InfoPlist.strings */ = {
			isa = PBXVariantGroup;
			children = (
				788CA41218B504BD006A1237 /* en */,
			);
			name = InfoPlist.strings;
			sourceTree = "<group>";
		};
/* End PBXVariantGroup section */

/* Begin XCBuildConfiguration section */
		788CA41618B504BD006A1237 /* Debug */ = {
			isa = XCBuildConfiguration;
			buildSettings = {
				ALWAYS_SEARCH_USER_PATHS = NO;
				ARCHS = "$(ARCHS_STANDARD_INCLUDING_64_BIT)";
				CLANG_CXX_LANGUAGE_STANDARD = "gnu++0x";
				CLANG_CXX_LIBRARY = "libc++";
				CLANG_ENABLE_MODULES = YES;
				CLANG_ENABLE_OBJC_ARC = YES;
				CLANG_WARN_BOOL_CONVERSION = YES;
				CLANG_WARN_CONSTANT_CONVERSION = YES;
				CLANG_WARN_DIRECT_OBJC_ISA_USAGE = YES_ERROR;
				CLANG_WARN_EMPTY_BODY = YES;
				CLANG_WARN_ENUM_CONVERSION = YES;
				CLANG_WARN_INT_CONVERSION = YES;
				CLANG_WARN_OBJC_ROOT_CLASS = YES_ERROR;
				CLANG_WARN__DUPLICATE_METHOD_MATCH = YES;
				"CODE_SIGN_IDENTITY[sdk=iphoneos*]" = "iPhone Developer";
				COPY_PHASE_STRIP = NO;
				GCC_C_LANGUAGE_STANDARD = gnu99;
				GCC_DYNAMIC_NO_PIC = NO;
				GCC_OPTIMIZATION_LEVEL = 0;
				GCC_PREPROCESSOR_DEFINITIONS = (
					"DEBUG=1",
					"$(inherited)",
				);
				GCC_SYMBOLS_PRIVATE_EXTERN = NO;
				GCC_WARN_64_TO_32_BIT_CONVERSION = YES;
				GCC_WARN_ABOUT_RETURN_TYPE = YES_ERROR;
				GCC_WARN_UNDECLARED_SELECTOR = YES;
				GCC_WARN_UNINITIALIZED_AUTOS = YES;
				GCC_WARN_UNUSED_FUNCTION = YES;
				GCC_WARN_UNUSED_VARIABLE = YES;
				IPHONEOS_DEPLOYMENT_TARGET = 7.0;
				ONLY_ACTIVE_ARCH = YES;
				SDKROOT = iphoneos;
				TARGETED_DEVICE_FAMILY = "1,2";
			};
			name = Debug;
		};
		788CA41718B504BD006A1237 /* Release */ = {
			isa = XCBuildConfiguration;
			buildSettings = {
				ALWAYS_SEARCH_USER_PATHS = NO;
				ARCHS = "$(ARCHS_STANDARD_INCLUDING_64_BIT)";
				CLANG_CXX_LANGUAGE_STANDARD = "gnu++0x";
				CLANG_CXX_LIBRARY = "libc++";
				CLANG_ENABLE_MODULES = YES;
				CLANG_ENABLE_OBJC_ARC = YES;
				CLANG_WARN_BOOL_CONVERSION = YES;
				CLANG_WARN_CONSTANT_CONVERSION = YES;
				CLANG_WARN_DIRECT_OBJC_ISA_USAGE = YES_ERROR;
				CLANG_WARN_EMPTY_BODY = YES;
				CLANG_WARN_ENUM_CONVERSION = YES;
				CLANG_WARN_INT_CONVERSION = YES;
				CLANG_WARN_OBJC_ROOT_CLASS = YES_ERROR;
				CLANG_WARN__DUPLICATE_METHOD_MATCH = YES;
				"CODE_SIGN_IDENTITY[sdk=iphoneos*]" = "iPhone Developer";
				COPY_PHASE_STRIP = YES;
				ENABLE_NS_ASSERTIONS = NO;
				GCC_C_LANGUAGE_STANDARD = gnu99;
				GCC_WARN_64_TO_32_BIT_CONVERSION = YES;
				GCC_WARN_ABOUT_RETURN_TYPE = YES_ERROR;
				GCC_WARN_UNDECLARED_SELECTOR = YES;
				GCC_WARN_UNINITIALIZED_AUTOS = YES;
				GCC_WARN_UNUSED_FUNCTION = YES;
				GCC_WARN_UNUSED_VARIABLE = YES;
				IPHONEOS_DEPLOYMENT_TARGET = 7.0;
				SDKROOT = iphoneos;
				TARGETED_DEVICE_FAMILY = "1,2";
				VALIDATE_PRODUCT = YES;
			};
			name = Release;
		};
		788CA41918B504BD006A1237 /* Debug */ = {
			isa = XCBuildConfiguration;
			buildSettings = {
				ASSETCATALOG_COMPILER_APPICON_NAME = AppIcon;
				ASSETCATALOG_COMPILER_LAUNCHIMAGE_NAME = LaunchImage;
				GCC_PRECOMPILE_PREFIX_HEADER = YES;
				GCC_PREFIX_HEADER = "RRCurseApp8/RRCurseApp8WithTabBar-Prefix.pch";
				INFOPLIST_FILE = "RRCurseApp8/RRCurseApp8WithTabBar-Info.plist";
				PRODUCT_NAME = RRCurseApp8WithTabBar;
				WRAPPER_EXTENSION = app;
			};
			name = Debug;
		};
		788CA41A18B504BD006A1237 /* Release */ = {
			isa = XCBuildConfiguration;
			buildSettings = {
				ASSETCATALOG_COMPILER_APPICON_NAME = AppIcon;
				ASSETCATALOG_COMPILER_LAUNCHIMAGE_NAME = LaunchImage;
				GCC_PRECOMPILE_PREFIX_HEADER = YES;
				GCC_PREFIX_HEADER = "RRCurseApp8/RRCurseApp8WithTabBar-Prefix.pch";
				INFOPLIST_FILE = "RRCurseApp8/RRCurseApp8WithTabBar-Info.plist";
				PRODUCT_NAME = RRCurseApp8WithTabBar;
				WRAPPER_EXTENSION = app;
			};
			name = Release;
		};
		788CA41C18B504BD006A1237 /* Debug */ = {
			isa = XCBuildConfiguration;
			buildSettings = {
				ARCHS = "$(ARCHS_STANDARD_INCLUDING_64_BIT)";
				BUNDLE_LOADER = "$(BUILT_PRODUCTS_DIR)/RRCurseApp8.app/RRCurseApp8";
				FRAMEWORK_SEARCH_PATHS = (
					"$(SDKROOT)/Developer/Library/Frameworks",
					"$(inherited)",
					"$(DEVELOPER_FRAMEWORKS_DIR)",
				);
				GCC_PRECOMPILE_PREFIX_HEADER = YES;
				GCC_PREFIX_HEADER = "RRCurseApp8/RRCurseApp8-Prefix.pch";
				GCC_PREPROCESSOR_DEFINITIONS = (
					"DEBUG=1",
					"$(inherited)",
				);
				INFOPLIST_FILE = "RRCurseApp8Tests/RRCurseApp8WithTabBarTests-Info.plist";
				PRODUCT_NAME = RRCurseApp8WithTabBarTests;
				TEST_HOST = "$(BUNDLE_LOADER)";
				WRAPPER_EXTENSION = xctest;
			};
			name = Debug;
		};
		788CA41D18B504BD006A1237 /* Release */ = {
			isa = XCBuildConfiguration;
			buildSettings = {
				ARCHS = "$(ARCHS_STANDARD_INCLUDING_64_BIT)";
				BUNDLE_LOADER = "$(BUILT_PRODUCTS_DIR)/RRCurseApp8.app/RRCurseApp8";
				FRAMEWORK_SEARCH_PATHS = (
					"$(SDKROOT)/Developer/Library/Frameworks",
					"$(inherited)",
					"$(DEVELOPER_FRAMEWORKS_DIR)",
				);
				GCC_PRECOMPILE_PREFIX_HEADER = YES;
				GCC_PREFIX_HEADER = "RRCurseApp8/RRCurseApp8-Prefix.pch";
				INFOPLIST_FILE = "RRCurseApp8Tests/RRCurseApp8WithTabBarTests-Info.plist";
				PRODUCT_NAME = RRCurseApp8WithTabBarTests;
				TEST_HOST = "$(BUNDLE_LOADER)";
				WRAPPER_EXTENSION = xctest;
			};
			name = Release;
		};
/* End XCBuildConfiguration section */

/* Begin XCConfigurationList section */
		788CA3E718B504BD006A1237 /* Build configuration list for PBXProject "RRCurseApp8WithTabBar" */ = {
			isa = XCConfigurationList;
			buildConfigurations = (
				788CA41618B504BD006A1237 /* Debug */,
				788CA41718B504BD006A1237 /* Release */,
			);
			defaultConfigurationIsVisible = 0;
			defaultConfigurationName = Release;
		};
		788CA41818B504BD006A1237 /* Build configuration list for PBXNativeTarget "RRCurseApp8WithTabBar" */ = {
			isa = XCConfigurationList;
			buildConfigurations = (
				788CA41918B504BD006A1237 /* Debug */,
				788CA41A18B504BD006A1237 /* Release */,
			);
			defaultConfigurationIsVisible = 0;
			defaultConfigurationName = Release;
		};
		788CA41B18B504BD006A1237 /* Build configuration list for PBXNativeTarget "RRCurseApp8WithTabBarTests" */ = {
			isa = XCConfigurationList;
			buildConfigurations = (
				788CA41C18B504BD006A1237 /* Debug */,
				788CA41D18B504BD006A1237 /* Release */,
			);
			defaultConfigurationIsVisible = 0;
			defaultConfigurationName = Release;
		};
/* End XCConfigurationList section */
	};
	rootObject = 788CA3E418B504BD006A1237 /* Project object */;
}
